
Microsoft Visual Studio Solution File, Format Version 12.00
# Visual Studio Version 17
VisualStudioVersion = 17.10.35027.167
MinimumVisualStudioVersion = 10.0.40219.1
Project("{FAE04EC0-301F-11D3-BF4B-00C04F79EFBC}") = "AneemBookBazaar.MVC.Web", "AneemBookBazaar.MVC.Web\AneemBookBazaar.MVC.Web.csproj", "{6AB7D782-7F6B-4283-B38A-77F84859FC43}"
EndProject
Project("{FAE04EC0-301F-11D3-BF4B-00C04F79EFBC}") = "AneemBookBazaar.MVC.Data", "AneemBookBazaar.MVC.Data\AneemBookBazaar.MVC.Data.csproj", "{CBA75AF3-90C2-47BF-8C33-BFFA577B4B06}"
EndProject
Project("{FAE04EC0-301F-11D3-BF4B-00C04F79EFBC}") = "AneemBookBazaar.MVC.Models", "AneemBookBazaar.MVC.Models\AneemBookBazaar.MVC.Models.csproj", "{56B42EB1-22CA-480B-86C1-811A2CCC173F}"
EndProject
Project("{FAE04EC0-301F-11D3-BF4B-00C04F79EFBC}") = "AneemBookBazaar.MVC.Utility", "AneemBookBazaar.MVC.Utility\AneemBookBazaar.MVC.Utility.csproj", "{00ACF0CC-6BB0-401D-A98C-28EFF031894E}"
EndProject
Global
	GlobalSection(SolutionConfigurationPlatforms) = preSolution
		Debug|Any CPU = Debug|Any CPU
		Release|Any CPU = Release|Any CPU
	EndGlobalSection
	GlobalSection(ProjectConfigurationPlatforms) = postSolution
		{6AB7D782-7F6B-4283-B38A-77F84859FC43}.Debug|Any CPU.ActiveCfg = Debug|Any CPU
		{6AB7D782-7F6B-4283-B38A-77F84859FC43}.Debug|Any CPU.Build.0 = Debug|Any CPU
		{6AB7D782-7F6B-4283-B38A-77F84859FC43}.Release|Any CPU.ActiveCfg = Release|Any CPU
		{6AB7D782-7F6B-4283-B38A-77F84859FC43}.Release|Any CPU.Build.0 = Release|Any CPU
		{CBA75AF3-90C2-47BF-8C33-BFFA577B4B06}.Debug|Any CPU.ActiveCfg = Debug|Any CPU
		{CBA75AF3-90C2-47BF-8C33-BFFA577B4B06}.Debug|Any CPU.Build.0 = Debug|Any CPU
		{CBA75AF3-90C2-47BF-8C33-BFFA577B4B06}.Release|Any CPU.ActiveCfg = Release|Any CPU
		{CBA75AF3-90C2-47BF-8C33-BFFA577B4B06}.Release|Any CPU.Build.0 = Release|Any CPU
		{56B42EB1-22CA-480B-86C1-811A2CCC173F}.Debug|Any CPU.ActiveCfg = Debug|Any CPU
		{56B42EB1-22CA-480B-86C1-811A2CCC173F}.Debug|Any CPU.Build.0 = Debug|Any CPU
		{56B42EB1-22CA-480B-86C1-811A2CCC173F}.Release|Any CPU.ActiveCfg = Release|Any CPU
		{56B42EB1-22CA-480B-86C1-811A2CCC173F}.Release|Any CPU.Build.0 = Release|Any CPU
		{00ACF0CC-6BB0-401D-A98C-28EFF031894E}.Debug|Any CPU.ActiveCfg = Debug|Any CPU
		{00ACF0CC-6BB0-401D-A98C-28EFF031894E}.Debug|Any CPU.Build.0 = Debug|Any CPU
		{00ACF0CC-6BB0-401D-A98C-28EFF031894E}.Release|Any CPU.ActiveCfg = Release|Any CPU
		{00ACF0CC-6BB0-401D-A98C-28EFF031894E}.Release|Any CPU.Build.0 = Release|Any CPU
	EndGlobalSection
	GlobalSection(SolutionProperties) = preSolution
		HideSolutionNode = FALSE
	EndGlobalSection
	GlobalSection(ExtensibilityGlobals) = postSolution
		SolutionGuid = {0AC57320-C203-4495-9495-3144FC130479}
	EndGlobalSection
EndGlobal
